
Microsoft Visual Studio Solution File, Format Version 12.00
# Visual Studio 14
VisualStudioVersion = 14.0.25420.1
MinimumVisualStudioVersion = 10.0.40219.1
Project("{FAE04EC0-301F-11D3-BF4B-00C04F79EFBC}") = "SSRSMigrate", "SSRSMigrate\SSRSMigrate.csproj", "{FE393906-2F99-492D-919E-16FC0E63DEED}"
EndProject
Project("{FAE04EC0-301F-11D3-BF4B-00C04F79EFBC}") = "SSRSMigrate.Tests", "SSRSMigrate.Tests\SSRSMigrate.Tests.csproj", "{B903485C-F040-4319-A264-AEBF9A7179FA}"
EndProject
Project("{FAE04EC0-301F-11D3-BF4B-00C04F79EFBC}") = "SSRSMigrate.IntegrationTests", "SSRSMigrate.IntegrationTests\SSRSMigrate.IntegrationTests.csproj", "{E2C847EB-D1E7-4987-8D8E-221BE0F8E699}"
EndProject
Project("{FAE04EC0-301F-11D3-BF4B-00C04F79EFBC}") = "SSRSMigrate.TestHelper", "SSRSMigrate.TestHelper\SSRSMigrate.TestHelper.csproj", "{2D4048B0-2696-4384-A843-04A67300DEFD}"
EndProject
Project("{2150E333-8FDC-42A3-9474-1A3956D46DE8}") = "Sample Scripts", "Sample Scripts", "{5C8C33CB-88DA-48D2-B52C-04FA3E3587C4}"
	ProjectSection(SolutionItems) = preProject
		Sample.py = Sample.py
	EndProjectSection
EndProject
Project("{2150E333-8FDC-42A3-9474-1A3956D46DE8}") = "Solution Items", "Solution Items", "{3B54C6D1-2CC2-4AF9-B153-015D42AA86BF}"
	ProjectSection(SolutionItems) = preProject
		..\appveyor.yml = ..\appveyor.yml
		..\README.md = ..\README.md
	EndProjectSection
EndProject
Global
	GlobalSection(SolutionConfigurationPlatforms) = preSolution
		Debug|Any CPU = Debug|Any CPU
		Debug|Mixed Platforms = Debug|Mixed Platforms
		Debug|x86 = Debug|x86
		Release|Any CPU = Release|Any CPU
		Release|Mixed Platforms = Release|Mixed Platforms
		Release|x86 = Release|x86
	EndGlobalSection
	GlobalSection(ProjectConfigurationPlatforms) = postSolution
		{FE393906-2F99-492D-919E-16FC0E63DEED}.Debug|Any CPU.ActiveCfg = Debug|Any CPU
		{FE393906-2F99-492D-919E-16FC0E63DEED}.Debug|Any CPU.Build.0 = Debug|Any CPU
		{FE393906-2F99-492D-919E-16FC0E63DEED}.Debug|Mixed Platforms.ActiveCfg = Debug|x86
		{FE393906-2F99-492D-919E-16FC0E63DEED}.Debug|Mixed Platforms.Build.0 = Debug|x86
		{FE393906-2F99-492D-919E-16FC0E63DEED}.Debug|x86.ActiveCfg = Debug|x86
		{FE393906-2F99-492D-919E-16FC0E63DEED}.Debug|x86.Build.0 = Debug|x86
		{FE393906-2F99-492D-919E-16FC0E63DEED}.Release|Any CPU.ActiveCfg = Release|x86
		{FE393906-2F99-492D-919E-16FC0E63DEED}.Release|Mixed Platforms.ActiveCfg = Release|x86
		{FE393906-2F99-492D-919E-16FC0E63DEED}.Release|Mixed Platforms.Build.0 = Release|x86
		{FE393906-2F99-492D-919E-16FC0E63DEED}.Release|x86.ActiveCfg = Release|x86
		{FE393906-2F99-492D-919E-16FC0E63DEED}.Release|x86.Build.0 = Release|x86
		{B903485C-F040-4319-A264-AEBF9A7179FA}.Debug|Any CPU.ActiveCfg = Debug|Any CPU
		{B903485C-F040-4319-A264-AEBF9A7179FA}.Debug|Any CPU.Build.0 = Debug|Any CPU
		{B903485C-F040-4319-A264-AEBF9A7179FA}.Debug|Mixed Platforms.ActiveCfg = Debug|Any CPU
		{B903485C-F040-4319-A264-AEBF9A7179FA}.Debug|Mixed Platforms.Build.0 = Debug|Any CPU
		{B903485C-F040-4319-A264-AEBF9A7179FA}.Debug|x86.ActiveCfg = Debug|x86
		{B903485C-F040-4319-A264-AEBF9A7179FA}.Debug|x86.Build.0 = Debug|x86
		{B903485C-F040-4319-A264-AEBF9A7179FA}.Release|Any CPU.ActiveCfg = Release|Any CPU
		{B903485C-F040-4319-A264-AEBF9A7179FA}.Release|Any CPU.Build.0 = Release|Any CPU
		{B903485C-F040-4319-A264-AEBF9A7179FA}.Release|Mixed Platforms.ActiveCfg = Release|Any CPU
		{B903485C-F040-4319-A264-AEBF9A7179FA}.Release|Mixed Platforms.Build.0 = Release|Any CPU
		{B903485C-F040-4319-A264-AEBF9A7179FA}.Release|x86.ActiveCfg = Release|x86
		{B903485C-F040-4319-A264-AEBF9A7179FA}.Release|x86.Build.0 = Release|x86
		{B903485C-F040-4319-A264-AEBF9A7179FA}.Release|x86.Deploy.0 = Release|x86
		{E2C847EB-D1E7-4987-8D8E-221BE0F8E699}.Debug|Any CPU.ActiveCfg = Debug|Any CPU
		{E2C847EB-D1E7-4987-8D8E-221BE0F8E699}.Debug|Any CPU.Build.0 = Debug|Any CPU
		{E2C847EB-D1E7-4987-8D8E-221BE0F8E699}.Debug|Mixed Platforms.ActiveCfg = Debug|Any CPU
		{E2C847EB-D1E7-4987-8D8E-221BE0F8E699}.Debug|Mixed Platforms.Build.0 = Debug|Any CPU
		{E2C847EB-D1E7-4987-8D8E-221BE0F8E699}.Debug|x86.ActiveCfg = Debug|x86
		{E2C847EB-D1E7-4987-8D8E-221BE0F8E699}.Debug|x86.Build.0 = Debug|x86
		{E2C847EB-D1E7-4987-8D8E-221BE0F8E699}.Release|Any CPU.ActiveCfg = Release|Any CPU
		{E2C847EB-D1E7-4987-8D8E-221BE0F8E699}.Release|Any CPU.Build.0 = Release|Any CPU
		{E2C847EB-D1E7-4987-8D8E-221BE0F8E699}.Release|Mixed Platforms.ActiveCfg = Release|Any CPU
		{E2C847EB-D1E7-4987-8D8E-221BE0F8E699}.Release|Mixed Platforms.Build.0 = Release|Any CPU
		{E2C847EB-D1E7-4987-8D8E-221BE0F8E699}.Release|x86.ActiveCfg = Release|x86
		{E2C847EB-D1E7-4987-8D8E-221BE0F8E699}.Release|x86.Build.0 = Release|x86
		{2D4048B0-2696-4384-A843-04A67300DEFD}.Debug|Any CPU.ActiveCfg = Debug|Any CPU
		{2D4048B0-2696-4384-A843-04A67300DEFD}.Debug|Any CPU.Build.0 = Debug|Any CPU
		{2D4048B0-2696-4384-A843-04A67300DEFD}.Debug|Mixed Platforms.ActiveCfg = Debug|Any CPU
		{2D4048B0-2696-4384-A843-04A67300DEFD}.Debug|Mixed Platforms.Build.0 = Debug|Any CPU
		{2D4048B0-2696-4384-A843-04A67300DEFD}.Debug|x86.ActiveCfg = Debug|x86
		{2D4048B0-2696-4384-A843-04A67300DEFD}.Debug|x86.Build.0 = Debug|x86
		{2D4048B0-2696-4384-A843-04A67300DEFD}.Release|Any CPU.ActiveCfg = Release|Any CPU
		{2D4048B0-2696-4384-A843-04A67300DEFD}.Release|Any CPU.Build.0 = Release|Any CPU
		{2D4048B0-2696-4384-A843-04A67300DEFD}.Release|Mixed Platforms.ActiveCfg = Release|Any CPU
		{2D4048B0-2696-4384-A843-04A67300DEFD}.Release|Mixed Platforms.Build.0 = Release|Any CPU
		{2D4048B0-2696-4384-A843-04A67300DEFD}.Release|x86.ActiveCfg = Release|x86
		{2D4048B0-2696-4384-A843-04A67300DEFD}.Release|x86.Build.0 = Release|x86
	EndGlobalSection
	GlobalSection(SolutionProperties) = preSolution
		HideSolutionNode = FALSE
	EndGlobalSection
EndGlobal
