
Microsoft Visual Studio Solution File, Format Version 11.00
# Visual Studio 2010
Project("{FAE04EC0-301F-11D3-BF4B-00C04F79EFBC}") = "SSRSMigrate", "SSRSMigrate\SSRSMigrate.csproj", "{FE393906-2F99-492D-919E-16FC0E63DEED}"
EndProject
Project("{FAE04EC0-301F-11D3-BF4B-00C04F79EFBC}") = "SSRSMigrate.Tests", "SSRSMigrate.Tests\SSRSMigrate.Tests.csproj", "{B903485C-F040-4319-A264-AEBF9A7179FA}"
EndProject
Project("{FAE04EC0-301F-11D3-BF4B-00C04F79EFBC}") = "SSRSMigrate.IntegrationTests", "SSRSMigrate.IntegrationTests\SSRSMigrate.IntegrationTests.csproj", "{E2C847EB-D1E7-4987-8D8E-221BE0F8E699}"
EndProject
Global
	GlobalSection(SolutionConfigurationPlatforms) = preSolution
		Debug|Any CPU = Debug|Any CPU
		Debug|Mixed Platforms = Debug|Mixed Platforms
		Debug|x86 = Debug|x86
		Release|Any CPU = Release|Any CPU
		Release|Mixed Platforms = Release|Mixed Platforms
		Release|x86 = Release|x86
	EndGlobalSection
	GlobalSection(ProjectConfigurationPlatforms) = postSolution
		{FE393906-2F99-492D-919E-16FC0E63DEED}.Debug|Any CPU.ActiveCfg = Debug|x86
		{FE393906-2F99-492D-919E-16FC0E63DEED}.Debug|Mixed Platforms.ActiveCfg = Debug|x86
		{FE393906-2F99-492D-919E-16FC0E63DEED}.Debug|Mixed Platforms.Build.0 = Debug|x86
		{FE393906-2F99-492D-919E-16FC0E63DEED}.Debug|x86.ActiveCfg = Debug|x86
		{FE393906-2F99-492D-919E-16FC0E63DEED}.Debug|x86.Build.0 = Debug|x86
		{FE393906-2F99-492D-919E-16FC0E63DEED}.Release|Any CPU.ActiveCfg = Release|x86
		{FE393906-2F99-492D-919E-16FC0E63DEED}.Release|Mixed Platforms.ActiveCfg = Release|x86
		{FE393906-2F99-492D-919E-16FC0E63DEED}.Release|Mixed Platforms.Build.0 = Release|x86
		{FE393906-2F99-492D-919E-16FC0E63DEED}.Release|x86.ActiveCfg = Release|x86
		{FE393906-2F99-492D-919E-16FC0E63DEED}.Release|x86.Build.0 = Release|x86
		{B903485C-F040-4319-A264-AEBF9A7179FA}.Debug|Any CPU.ActiveCfg = Debug|Any CPU
		{B903485C-F040-4319-A264-AEBF9A7179FA}.Debug|Any CPU.Build.0 = Debug|Any CPU
		{B903485C-F040-4319-A264-AEBF9A7179FA}.Debug|Mixed Platforms.ActiveCfg = Debug|Any CPU
		{B903485C-F040-4319-A264-AEBF9A7179FA}.Debug|Mixed Platforms.Build.0 = Debug|Any CPU
		{B903485C-F040-4319-A264-AEBF9A7179FA}.Debug|x86.ActiveCfg = Debug|Any CPU
		{B903485C-F040-4319-A264-AEBF9A7179FA}.Release|Any CPU.ActiveCfg = Release|Any CPU
		{B903485C-F040-4319-A264-AEBF9A7179FA}.Release|Any CPU.Build.0 = Release|Any CPU
		{B903485C-F040-4319-A264-AEBF9A7179FA}.Release|Mixed Platforms.ActiveCfg = Release|Any CPU
		{B903485C-F040-4319-A264-AEBF9A7179FA}.Release|Mixed Platforms.Build.0 = Release|Any CPU
		{B903485C-F040-4319-A264-AEBF9A7179FA}.Release|x86.ActiveCfg = Release|Any CPU
		{E2C847EB-D1E7-4987-8D8E-221BE0F8E699}.Debug|Any CPU.ActiveCfg = Debug|Any CPU
		{E2C847EB-D1E7-4987-8D8E-221BE0F8E699}.Debug|Any CPU.Build.0 = Debug|Any CPU
		{E2C847EB-D1E7-4987-8D8E-221BE0F8E699}.Debug|Mixed Platforms.ActiveCfg = Debug|Any CPU
		{E2C847EB-D1E7-4987-8D8E-221BE0F8E699}.Debug|Mixed Platforms.Build.0 = Debug|Any CPU
		{E2C847EB-D1E7-4987-8D8E-221BE0F8E699}.Debug|x86.ActiveCfg = Debug|Any CPU
		{E2C847EB-D1E7-4987-8D8E-221BE0F8E699}.Release|Any CPU.ActiveCfg = Release|Any CPU
		{E2C847EB-D1E7-4987-8D8E-221BE0F8E699}.Release|Any CPU.Build.0 = Release|Any CPU
		{E2C847EB-D1E7-4987-8D8E-221BE0F8E699}.Release|Mixed Platforms.ActiveCfg = Release|Any CPU
		{E2C847EB-D1E7-4987-8D8E-221BE0F8E699}.Release|Mixed Platforms.Build.0 = Release|Any CPU
		{E2C847EB-D1E7-4987-8D8E-221BE0F8E699}.Release|x86.ActiveCfg = Release|Any CPU
	EndGlobalSection
	GlobalSection(SolutionProperties) = preSolution
		HideSolutionNode = FALSE
	EndGlobalSection
EndGlobal
